
Microsoft Visual Studio Solution File, Format Version 12.00
# Visual Studio Version 16
VisualStudioVersion = 16.0.29728.190
MinimumVisualStudioVersion = 10.0.40219.1
Project("{9A19103F-16F7-4668-BE54-9A1E7A4F7556}") = "ffmpegOpus", "ffmpegOpus\ffmpegOpus.csproj", "{037956C1-D29F-4EB5-8817-6FDA612430C0}"
EndProject
Global
	GlobalSection(SolutionConfigurationPlatforms) = preSolution
		Debug|Any CPU = Debug|Any CPU
		Release|Any CPU = Release|Any CPU
	EndGlobalSection
	GlobalSection(ProjectConfigurationPlatforms) = postSolution
		{037956C1-D29F-4EB5-8817-6FDA612430C0}.Debug|Any CPU.ActiveCfg = Debug|Any CPU
		{037956C1-D29F-4EB5-8817-6FDA612430C0}.Debug|Any CPU.Build.0 = Debug|Any CPU
		{037956C1-D29F-4EB5-8817-6FDA612430C0}.Release|Any CPU.ActiveCfg = Release|Any CPU
		{037956C1-D29F-4EB5-8817-6FDA612430C0}.Release|Any CPU.Build.0 = Release|Any CPU
	EndGlobalSection
	GlobalSection(SolutionProperties) = preSolution
		HideSolutionNode = FALSE
	EndGlobalSection
	GlobalSection(ExtensibilityGlobals) = postSolution
		SolutionGuid = {4DAD89DD-551B-4324-A07F-9E516BF6BB34}
	EndGlobalSection
EndGlobal
